Microsoft Visual Studio Solution File, Format Version 12.00
# Visual Studio 14
VisualStudioVersion = 14.0.25420.1
MinimumVisualStudioVersion = 10.0.40219.1
Project("{FAE04EC0-301F-11D3-BF4B-00C04F79EFBC}") = "AddFormFieldsToExistingDocument", "AddFormFieldsToExistingDocument\AddFormFieldsToExistingDocument.csproj", "{AB430AD2-7CD1-479A-9204-74E346118DE5}"
EndProject
Global
	GlobalSection(SolutionConfigurationPlatforms) = preSolution
		Debug|Any CPU = Debug|Any CPU
		Release|Any CPU = Release|Any CPU
	EndGlobalSection
	GlobalSection(ProjectConfigurationPlatforms) = postSolution
		{AB430AD2-7CD1-479A-9204-74E346118DE5}.Debug|Any CPU.ActiveCfg = Debug|Any CPU
		{AB430AD2-7CD1-479A-9204-74E346118DE5}.Debug|Any CPU.Build.0 = Debug|Any CPU
		{AB430AD2-7CD1-479A-9204-74E346118DE5}.Release|Any CPU.ActiveCfg = Release|Any CPU
		{AB430AD2-7CD1-479A-9204-74E346118DE5}.Release|Any CPU.Build.0 = Release|Any CPU
	EndGlobalSection
	GlobalSection(SolutionProperties) = preSolution
		HideSolutionNode = FALSE
	EndGlobalSection
EndGlobal
